<?xml version="1.0" encoding="UTF-8" standalone="yes" ?>
<CodeBlocks_project_file>
	<FileVersion major="1" minor="6" />
	<Project>
		<Option title="DBA1" />
		<Option pch_mode="2" />
		<Option compiler="gcc" />
		<Build>
			<Target title="Debug">
				<Option output="bin/Debug/DBA1" prefix_auto="1" extension_auto="1" />
				<Option object_output="obj/Debug/" />
				<Option type="1" />
				<Option compiler="gcc" />
				<Compiler>
					<Add option="-g" />
					<Add directory="../../../../SoftWare/wxWidgets-3.1.1/include" />
					<Add directory="../../../../SoftWare/wxWidgets-3.1.1/lib/gcc_dll/mswud" />
				</Compiler>
				<Linker>
					<Add library="../../../../SoftWare/wxWidgets-3.1.1/lib/gcc_dll/libwxexpatd.a" />
					<Add library="../../../../SoftWare/wxWidgets-3.1.1/lib/gcc_dll/libwxjpegd.a" />
					<Add library="../../../../SoftWare/wxWidgets-3.1.1/lib/gcc_dll/libwxmsw31ud.a" />
					<Add library="../../../../SoftWare/wxWidgets-3.1.1/lib/gcc_dll/libwxmsw31ud_gl.a" />
					<Add library="../../../../SoftWare/wxWidgets-3.1.1/lib/gcc_dll/libwxpngd.a" />
					<Add library="../../../../SoftWare/wxWidgets-3.1.1/lib/gcc_dll/libwxregexud.a" />
					<Add library="../../../../SoftWare/wxWidgets-3.1.1/lib/gcc_dll/libwxscintillad.a" />
					<Add library="../../../../SoftWare/wxWidgets-3.1.1/lib/gcc_dll/libwxtiffd.a" />
					<Add library="../../../../SoftWare/wxWidgets-3.1.1/lib/gcc_dll/libwxzlibd.a" />
				</Linker>
			</Target>
			<Target title="Release">
				<Option output="bin/Release/DBA1" prefix_auto="1" extension_auto="1" />
				<Option object_output="obj/Release/" />
				<Option type="1" />
				<Option compiler="gcc" />
				<Compiler>
					<Add option="-O2" />
				</Compiler>
				<Linker>
					<Add option="-s" />
				</Linker>
			</Target>
		</Build>
		<Compiler>
			<Add option="-Wall" />
		</Compiler>
		<Unit filename="UserFrame.cpp" />
		<Unit filename="UserFrame.h" />
		<Unit filename="main.cpp">
			<Option target="Debug" />
		</Unit>
		<Unit filename="main.h">
			<Option target="Debug" />
		</Unit>
		<Unit filename="wxsmith/UserFrame.wxs" />
		<Extensions>
			<code_completion />
			<envvars />
			<debugger />
			<lib_finder disable_auto="1" />
			<wxsmith version="1">
				<resources>
					<wxFrame wxs="wxsmith/UserFrame.wxs" src="UserFrame.cpp" hdr="UserFrame.h" fwddecl="0" i18n="1" name="UserFrame" language="CPP" />
				</resources>
			</wxsmith>
		</Extensions>
	</Project>
</CodeBlocks_project_file>
